
Microsoft Visual Studio Solution File, Format Version 12.00
Project("{2150E333-8FDC-42A3-9474-1A3956D46DE8}") = "Modules", "Modules", "{4A4A93AA-55A6-45E4-B816-ABBDB9FE2C4F}"
EndProject
Project("{2150E333-8FDC-42A3-9474-1A3956D46DE8}") = "Identity", "Identity", "{30AC96DC-2E61-4126-9D04-0086B4C54750}"
EndProject
Project("{FAE04EC0-301F-11D3-BF4B-00C04F79EFBC}") = "Identity.Domain", "Modules\Identity\Identity.Domain\Identity.Domain.csproj", "{B78CEB2B-4B85-4A8A-B54E-AD9BA03CEF6E}"
EndProject
Project("{FAE04EC0-301F-11D3-BF4B-00C04F79EFBC}") = "Identity.Application", "Modules\Identity\Identity.Application\Identity.Application.csproj", "{1B19AF57-2272-4F70-BAE2-77792F00F9FB}"
EndProject
Project("{FAE04EC0-301F-11D3-BF4B-00C04F79EFBC}") = "Identity.Infrastructure", "Modules\Identity\Identity.Infrastructure\Identity.Infrastructure.csproj", "{D7B042E2-7DA8-49C4-9899-A6A5719E7D1A}"
EndProject
Project("{2150E333-8FDC-42A3-9474-1A3956D46DE8}") = "Shared", "Shared", "{34F66213-4220-4DBD-9EBC-6F0E7B5B8EEE}"
EndProject
Project("{FAE04EC0-301F-11D3-BF4B-00C04F79EFBC}") = "Shared.Infrastructure", "Shared\Shared.Infrastructure\Shared.Infrastructure.csproj", "{5F67F025-2B35-4D13-8B11-D7BDA81F963A}"
EndProject
Project("{FAE04EC0-301F-11D3-BF4B-00C04F79EFBC}") = "Bootstraper", "Bootstraper\Bootstraper.csproj", "{BB3DD5C6-4BC2-41DC-BED4-D0B5F26252B3}"
EndProject
Project("{2150E333-8FDC-42A3-9474-1A3956D46DE8}") = "Users", "Users", "{F8E3543E-258F-4E75-93CA-42863CD4B687}"
EndProject
Project("{FAE04EC0-301F-11D3-BF4B-00C04F79EFBC}") = "Users.Domain", "Modules\Users\Users.Domain\Users.Domain.csproj", "{0B774238-92A1-4F72-9684-DBAFF11F94E6}"
EndProject
Project("{FAE04EC0-301F-11D3-BF4B-00C04F79EFBC}") = "Users.Application", "Modules\Users\Users.Application\Users.Application.csproj", "{EF823D53-F94F-4EEC-91A2-97AE67032FBC}"
EndProject
Project("{FAE04EC0-301F-11D3-BF4B-00C04F79EFBC}") = "Users.Infrastructure", "Modules\Users\Users.Infrastructure\Users.Infrastructure.csproj", "{032C3F00-58F5-4A4F-8636-8B6602DEAA75}"
EndProject
Project("{2150E333-8FDC-42A3-9474-1A3956D46DE8}") = "Teams", "Teams", "{11B28C69-D747-424E-AAEE-88544BD43546}"
EndProject
Project("{FAE04EC0-301F-11D3-BF4B-00C04F79EFBC}") = "Teams.Application", "Modules\Teams\Teams.Application\Teams.Application.csproj", "{AE5164A4-8AE7-45FC-BE27-90CB1CA18B66}"
EndProject
Project("{FAE04EC0-301F-11D3-BF4B-00C04F79EFBC}") = "Teams.Domain", "Modules\Teams\Teams.Domain\Teams.Domain.csproj", "{62314D30-334C-4BD8-A204-758FBF337C96}"
EndProject
Project("{FAE04EC0-301F-11D3-BF4B-00C04F79EFBC}") = "Teams.Infrastructure", "Modules\Teams\Teams.Infrastructure\Teams.Infrastructure.csproj", "{3F0F8CC3-663E-4996-8CEF-EA2E0AB91A7D}"
EndProject
Project("{FAE04EC0-301F-11D3-BF4B-00C04F79EFBC}") = "Shared.Contracts", "Shared\Shared.Contracts\Shared.Contracts.csproj", "{8475B68C-2E87-4A87-95A7-45D19B5295C1}"
EndProject
Project("{FAE04EC0-301F-11D3-BF4B-00C04F79EFBC}") = "Shared.Api", "Shared\Shared.Api\Shared.Api.csproj", "{3C52BF73-B632-47B5-A8A0-426338113B11}"
EndProject
Project("{2150E333-8FDC-42A3-9474-1A3956D46DE8}") = "WorkOrganization", "WorkOrganization", "{A6D1D511-0BF3-456E-BE41-C89210DFAE2F}"
EndProject
Project("{FAE04EC0-301F-11D3-BF4B-00C04F79EFBC}") = "WorkOrganization.Domain", "Modules\WorkOrganization\WorkOrganization.Domain\WorkOrganization.Domain.csproj", "{A2F27805-ACA2-4C6C-A016-45A7591D3677}"
EndProject
Project("{FAE04EC0-301F-11D3-BF4B-00C04F79EFBC}") = "WorkOrganization.Infrastructure", "Modules\WorkOrganization\WorkOrganization.Infrastructure\WorkOrganization.Infrastructure.csproj", "{A7006FEB-BD4F-4F26-AA64-FBA9E8367DE2}"
EndProject
Project("{FAE04EC0-301F-11D3-BF4B-00C04F79EFBC}") = "WorkOrganization.Application", "Modules\WorkOrganization\WorkOrganization.Application\WorkOrganization.Application.csproj", "{1303092F-DC32-4E0F-9158-E3FA04FF743D}"
EndProject
Global
	GlobalSection(SolutionConfigurationPlatforms) = preSolution
		Debug|Any CPU = Debug|Any CPU
		Release|Any CPU = Release|Any CPU
	EndGlobalSection
	GlobalSection(NestedProjects) = preSolution
		{30AC96DC-2E61-4126-9D04-0086B4C54750} = {4A4A93AA-55A6-45E4-B816-ABBDB9FE2C4F}
		{B78CEB2B-4B85-4A8A-B54E-AD9BA03CEF6E} = {30AC96DC-2E61-4126-9D04-0086B4C54750}
		{1B19AF57-2272-4F70-BAE2-77792F00F9FB} = {30AC96DC-2E61-4126-9D04-0086B4C54750}
		{D7B042E2-7DA8-49C4-9899-A6A5719E7D1A} = {30AC96DC-2E61-4126-9D04-0086B4C54750}
		{5F67F025-2B35-4D13-8B11-D7BDA81F963A} = {34F66213-4220-4DBD-9EBC-6F0E7B5B8EEE}
		{F8E3543E-258F-4E75-93CA-42863CD4B687} = {4A4A93AA-55A6-45E4-B816-ABBDB9FE2C4F}
		{0B774238-92A1-4F72-9684-DBAFF11F94E6} = {F8E3543E-258F-4E75-93CA-42863CD4B687}
		{EF823D53-F94F-4EEC-91A2-97AE67032FBC} = {F8E3543E-258F-4E75-93CA-42863CD4B687}
		{032C3F00-58F5-4A4F-8636-8B6602DEAA75} = {F8E3543E-258F-4E75-93CA-42863CD4B687}
		{11B28C69-D747-424E-AAEE-88544BD43546} = {4A4A93AA-55A6-45E4-B816-ABBDB9FE2C4F}
		{AE5164A4-8AE7-45FC-BE27-90CB1CA18B66} = {11B28C69-D747-424E-AAEE-88544BD43546}
		{62314D30-334C-4BD8-A204-758FBF337C96} = {11B28C69-D747-424E-AAEE-88544BD43546}
		{3F0F8CC3-663E-4996-8CEF-EA2E0AB91A7D} = {11B28C69-D747-424E-AAEE-88544BD43546}
		{8475B68C-2E87-4A87-95A7-45D19B5295C1} = {34F66213-4220-4DBD-9EBC-6F0E7B5B8EEE}
		{3C52BF73-B632-47B5-A8A0-426338113B11} = {34F66213-4220-4DBD-9EBC-6F0E7B5B8EEE}
		{A6D1D511-0BF3-456E-BE41-C89210DFAE2F} = {4A4A93AA-55A6-45E4-B816-ABBDB9FE2C4F}
		{A2F27805-ACA2-4C6C-A016-45A7591D3677} = {A6D1D511-0BF3-456E-BE41-C89210DFAE2F}
		{A7006FEB-BD4F-4F26-AA64-FBA9E8367DE2} = {A6D1D511-0BF3-456E-BE41-C89210DFAE2F}
		{1303092F-DC32-4E0F-9158-E3FA04FF743D} = {A6D1D511-0BF3-456E-BE41-C89210DFAE2F}
	EndGlobalSection
	GlobalSection(ProjectConfigurationPlatforms) = postSolution
		{B78CEB2B-4B85-4A8A-B54E-AD9BA03CEF6E}.Debug|Any CPU.ActiveCfg = Debug|Any CPU
		{B78CEB2B-4B85-4A8A-B54E-AD9BA03CEF6E}.Debug|Any CPU.Build.0 = Debug|Any CPU
		{B78CEB2B-4B85-4A8A-B54E-AD9BA03CEF6E}.Release|Any CPU.ActiveCfg = Release|Any CPU
		{B78CEB2B-4B85-4A8A-B54E-AD9BA03CEF6E}.Release|Any CPU.Build.0 = Release|Any CPU
		{1B19AF57-2272-4F70-BAE2-77792F00F9FB}.Debug|Any CPU.ActiveCfg = Debug|Any CPU
		{1B19AF57-2272-4F70-BAE2-77792F00F9FB}.Debug|Any CPU.Build.0 = Debug|Any CPU
		{1B19AF57-2272-4F70-BAE2-77792F00F9FB}.Release|Any CPU.ActiveCfg = Release|Any CPU
		{1B19AF57-2272-4F70-BAE2-77792F00F9FB}.Release|Any CPU.Build.0 = Release|Any CPU
		{D7B042E2-7DA8-49C4-9899-A6A5719E7D1A}.Debug|Any CPU.ActiveCfg = Debug|Any CPU
		{D7B042E2-7DA8-49C4-9899-A6A5719E7D1A}.Debug|Any CPU.Build.0 = Debug|Any CPU
		{D7B042E2-7DA8-49C4-9899-A6A5719E7D1A}.Release|Any CPU.ActiveCfg = Release|Any CPU
		{D7B042E2-7DA8-49C4-9899-A6A5719E7D1A}.Release|Any CPU.Build.0 = Release|Any CPU
		{5F67F025-2B35-4D13-8B11-D7BDA81F963A}.Debug|Any CPU.ActiveCfg = Debug|Any CPU
		{5F67F025-2B35-4D13-8B11-D7BDA81F963A}.Debug|Any CPU.Build.0 = Debug|Any CPU
		{5F67F025-2B35-4D13-8B11-D7BDA81F963A}.Release|Any CPU.ActiveCfg = Release|Any CPU
		{5F67F025-2B35-4D13-8B11-D7BDA81F963A}.Release|Any CPU.Build.0 = Release|Any CPU
		{BB3DD5C6-4BC2-41DC-BED4-D0B5F26252B3}.Debug|Any CPU.ActiveCfg = Debug|Any CPU
		{BB3DD5C6-4BC2-41DC-BED4-D0B5F26252B3}.Debug|Any CPU.Build.0 = Debug|Any CPU
		{BB3DD5C6-4BC2-41DC-BED4-D0B5F26252B3}.Release|Any CPU.ActiveCfg = Release|Any CPU
		{BB3DD5C6-4BC2-41DC-BED4-D0B5F26252B3}.Release|Any CPU.Build.0 = Release|Any CPU
		{0B774238-92A1-4F72-9684-DBAFF11F94E6}.Debug|Any CPU.ActiveCfg = Debug|Any CPU
		{0B774238-92A1-4F72-9684-DBAFF11F94E6}.Debug|Any CPU.Build.0 = Debug|Any CPU
		{0B774238-92A1-4F72-9684-DBAFF11F94E6}.Release|Any CPU.ActiveCfg = Release|Any CPU
		{0B774238-92A1-4F72-9684-DBAFF11F94E6}.Release|Any CPU.Build.0 = Release|Any CPU
		{EF823D53-F94F-4EEC-91A2-97AE67032FBC}.Debug|Any CPU.ActiveCfg = Debug|Any CPU
		{EF823D53-F94F-4EEC-91A2-97AE67032FBC}.Debug|Any CPU.Build.0 = Debug|Any CPU
		{EF823D53-F94F-4EEC-91A2-97AE67032FBC}.Release|Any CPU.ActiveCfg = Release|Any CPU
		{EF823D53-F94F-4EEC-91A2-97AE67032FBC}.Release|Any CPU.Build.0 = Release|Any CPU
		{032C3F00-58F5-4A4F-8636-8B6602DEAA75}.Debug|Any CPU.ActiveCfg = Debug|Any CPU
		{032C3F00-58F5-4A4F-8636-8B6602DEAA75}.Debug|Any CPU.Build.0 = Debug|Any CPU
		{032C3F00-58F5-4A4F-8636-8B6602DEAA75}.Release|Any CPU.ActiveCfg = Release|Any CPU
		{032C3F00-58F5-4A4F-8636-8B6602DEAA75}.Release|Any CPU.Build.0 = Release|Any CPU
		{AE5164A4-8AE7-45FC-BE27-90CB1CA18B66}.Debug|Any CPU.ActiveCfg = Debug|Any CPU
		{AE5164A4-8AE7-45FC-BE27-90CB1CA18B66}.Debug|Any CPU.Build.0 = Debug|Any CPU
		{AE5164A4-8AE7-45FC-BE27-90CB1CA18B66}.Release|Any CPU.ActiveCfg = Release|Any CPU
		{AE5164A4-8AE7-45FC-BE27-90CB1CA18B66}.Release|Any CPU.Build.0 = Release|Any CPU
		{62314D30-334C-4BD8-A204-758FBF337C96}.Debug|Any CPU.ActiveCfg = Debug|Any CPU
		{62314D30-334C-4BD8-A204-758FBF337C96}.Debug|Any CPU.Build.0 = Debug|Any CPU
		{62314D30-334C-4BD8-A204-758FBF337C96}.Release|Any CPU.ActiveCfg = Release|Any CPU
		{62314D30-334C-4BD8-A204-758FBF337C96}.Release|Any CPU.Build.0 = Release|Any CPU
		{3F0F8CC3-663E-4996-8CEF-EA2E0AB91A7D}.Debug|Any CPU.ActiveCfg = Debug|Any CPU
		{3F0F8CC3-663E-4996-8CEF-EA2E0AB91A7D}.Debug|Any CPU.Build.0 = Debug|Any CPU
		{3F0F8CC3-663E-4996-8CEF-EA2E0AB91A7D}.Release|Any CPU.ActiveCfg = Release|Any CPU
		{3F0F8CC3-663E-4996-8CEF-EA2E0AB91A7D}.Release|Any CPU.Build.0 = Release|Any CPU
		{8475B68C-2E87-4A87-95A7-45D19B5295C1}.Debug|Any CPU.ActiveCfg = Debug|Any CPU
		{8475B68C-2E87-4A87-95A7-45D19B5295C1}.Debug|Any CPU.Build.0 = Debug|Any CPU
		{8475B68C-2E87-4A87-95A7-45D19B5295C1}.Release|Any CPU.ActiveCfg = Release|Any CPU
		{8475B68C-2E87-4A87-95A7-45D19B5295C1}.Release|Any CPU.Build.0 = Release|Any CPU
		{3C52BF73-B632-47B5-A8A0-426338113B11}.Debug|Any CPU.ActiveCfg = Debug|Any CPU
		{3C52BF73-B632-47B5-A8A0-426338113B11}.Debug|Any CPU.Build.0 = Debug|Any CPU
		{3C52BF73-B632-47B5-A8A0-426338113B11}.Release|Any CPU.ActiveCfg = Release|Any CPU
		{3C52BF73-B632-47B5-A8A0-426338113B11}.Release|Any CPU.Build.0 = Release|Any CPU
		{A2F27805-ACA2-4C6C-A016-45A7591D3677}.Debug|Any CPU.ActiveCfg = Debug|Any CPU
		{A2F27805-ACA2-4C6C-A016-45A7591D3677}.Debug|Any CPU.Build.0 = Debug|Any CPU
		{A2F27805-ACA2-4C6C-A016-45A7591D3677}.Release|Any CPU.ActiveCfg = Release|Any CPU
		{A2F27805-ACA2-4C6C-A016-45A7591D3677}.Release|Any CPU.Build.0 = Release|Any CPU
		{A7006FEB-BD4F-4F26-AA64-FBA9E8367DE2}.Debug|Any CPU.ActiveCfg = Debug|Any CPU
		{A7006FEB-BD4F-4F26-AA64-FBA9E8367DE2}.Debug|Any CPU.Build.0 = Debug|Any CPU
		{A7006FEB-BD4F-4F26-AA64-FBA9E8367DE2}.Release|Any CPU.ActiveCfg = Release|Any CPU
		{A7006FEB-BD4F-4F26-AA64-FBA9E8367DE2}.Release|Any CPU.Build.0 = Release|Any CPU
		{1303092F-DC32-4E0F-9158-E3FA04FF743D}.Debug|Any CPU.ActiveCfg = Debug|Any CPU
		{1303092F-DC32-4E0F-9158-E3FA04FF743D}.Debug|Any CPU.Build.0 = Debug|Any CPU
		{1303092F-DC32-4E0F-9158-E3FA04FF743D}.Release|Any CPU.ActiveCfg = Release|Any CPU
		{1303092F-DC32-4E0F-9158-E3FA04FF743D}.Release|Any CPU.Build.0 = Release|Any CPU
	EndGlobalSection
EndGlobal
